
Microsoft Visual Studio Solution File, Format Version 12.00
# Visual Studio Version 16
VisualStudioVersion = 16.0.29911.84
MinimumVisualStudioVersion = 10.0.40219.1
Project("{9A19103F-16F7-4668-BE54-9A1E7A4F7556}") = "Domain", "Domain\Domain.csproj", "{91A2C2BB-8744-4FF2-832F-7DAC3B271899}"
EndProject
Project("{9A19103F-16F7-4668-BE54-9A1E7A4F7556}") = "Application", "Application\Application.csproj", "{0D8AEE5A-904E-439B-9E1F-CACD2B775334}"
EndProject
Project("{9A19103F-16F7-4668-BE54-9A1E7A4F7556}") = "Persistence", "Persistence\Persistence.csproj", "{00AA71BC-CA45-4678-A14A-8EAEA72865FB}"
EndProject
Project("{9A19103F-16F7-4668-BE54-9A1E7A4F7556}") = "API", "API\API.csproj", "{8E1E1D3D-DE76-4761-9E38-25368DB7BA70}"
EndProject
Project("{9A19103F-16F7-4668-BE54-9A1E7A4F7556}") = "Infrastructure", "Infrastructure\Infrastructure.csproj", "{68FDBDD6-BE04-4B6A-B4F4-4A1051D0BF0B}"
EndProject
Project("{2150E333-8FDC-42A3-9474-1A3956D46DE8}") = "Solution Items", "Solution Items", "{6B5CBABE-0748-4F59-A9AA-D0820A425417}"
	ProjectSection(SolutionItems) = preProject
		Local.testsettings = Local.testsettings
	EndProjectSection
EndProject
Global
	GlobalSection(SolutionConfigurationPlatforms) = preSolution
		Debug|Any CPU = Debug|Any CPU
		Release|Any CPU = Release|Any CPU
	EndGlobalSection
	GlobalSection(ProjectConfigurationPlatforms) = postSolution
		{91A2C2BB-8744-4FF2-832F-7DAC3B271899}.Debug|Any CPU.ActiveCfg = Debug|Any CPU
		{91A2C2BB-8744-4FF2-832F-7DAC3B271899}.Debug|Any CPU.Build.0 = Debug|Any CPU
		{91A2C2BB-8744-4FF2-832F-7DAC3B271899}.Release|Any CPU.ActiveCfg = Release|Any CPU
		{91A2C2BB-8744-4FF2-832F-7DAC3B271899}.Release|Any CPU.Build.0 = Release|Any CPU
		{0D8AEE5A-904E-439B-9E1F-CACD2B775334}.Debug|Any CPU.ActiveCfg = Debug|Any CPU
		{0D8AEE5A-904E-439B-9E1F-CACD2B775334}.Debug|Any CPU.Build.0 = Debug|Any CPU
		{0D8AEE5A-904E-439B-9E1F-CACD2B775334}.Release|Any CPU.ActiveCfg = Release|Any CPU
		{0D8AEE5A-904E-439B-9E1F-CACD2B775334}.Release|Any CPU.Build.0 = Release|Any CPU
		{00AA71BC-CA45-4678-A14A-8EAEA72865FB}.Debug|Any CPU.ActiveCfg = Debug|Any CPU
		{00AA71BC-CA45-4678-A14A-8EAEA72865FB}.Debug|Any CPU.Build.0 = Debug|Any CPU
		{00AA71BC-CA45-4678-A14A-8EAEA72865FB}.Release|Any CPU.ActiveCfg = Release|Any CPU
		{00AA71BC-CA45-4678-A14A-8EAEA72865FB}.Release|Any CPU.Build.0 = Release|Any CPU
		{8E1E1D3D-DE76-4761-9E38-25368DB7BA70}.Debug|Any CPU.ActiveCfg = Debug|Any CPU
		{8E1E1D3D-DE76-4761-9E38-25368DB7BA70}.Debug|Any CPU.Build.0 = Debug|Any CPU
		{8E1E1D3D-DE76-4761-9E38-25368DB7BA70}.Release|Any CPU.ActiveCfg = Release|Any CPU
		{8E1E1D3D-DE76-4761-9E38-25368DB7BA70}.Release|Any CPU.Build.0 = Release|Any CPU
		{68FDBDD6-BE04-4B6A-B4F4-4A1051D0BF0B}.Debug|Any CPU.ActiveCfg = Debug|Any CPU
		{68FDBDD6-BE04-4B6A-B4F4-4A1051D0BF0B}.Debug|Any CPU.Build.0 = Debug|Any CPU
		{68FDBDD6-BE04-4B6A-B4F4-4A1051D0BF0B}.Release|Any CPU.ActiveCfg = Release|Any CPU
		{68FDBDD6-BE04-4B6A-B4F4-4A1051D0BF0B}.Release|Any CPU.Build.0 = Release|Any CPU
	EndGlobalSection
	GlobalSection(SolutionProperties) = preSolution
		HideSolutionNode = FALSE
	EndGlobalSection
	GlobalSection(ExtensibilityGlobals) = postSolution
		SolutionGuid = {C30C15DF-F5EB-461A-872B-9C17C519FC2A}
	EndGlobalSection
EndGlobal
